
Microsoft Visual Studio Solution File, Format Version 12.00
# Visual Studio Version 17
VisualStudioVersion = 17.5.33530.505
MinimumVisualStudioVersion = 10.0.40219.1
Project("{FAE04EC0-301F-11D3-BF4B-00C04F79EFBC}") = "JobDashboard_HTML_CSS", "JobDashboard_HTML_CSS.csproj", "{BFB8BAFB-8E02-4566-A9E1-C8548318CE92}"
EndProject
Global
	GlobalSection(SolutionConfigurationPlatforms) = preSolution
		Debug|Any CPU = Debug|Any CPU
		Release|Any CPU = Release|Any CPU
	EndGlobalSection
	GlobalSection(ProjectConfigurationPlatforms) = postSolution
		{BFB8BAFB-8E02-4566-A9E1-C8548318CE92}.Debug|Any CPU.ActiveCfg = Debug|Any CPU
		{BFB8BAFB-8E02-4566-A9E1-C8548318CE92}.Debug|Any CPU.Build.0 = Debug|Any CPU
		{BFB8BAFB-8E02-4566-A9E1-C8548318CE92}.Release|Any CPU.ActiveCfg = Release|Any CPU
		{BFB8BAFB-8E02-4566-A9E1-C8548318CE92}.Release|Any CPU.Build.0 = Release|Any CPU
	EndGlobalSection
	GlobalSection(SolutionProperties) = preSolution
		HideSolutionNode = FALSE
	EndGlobalSection
	GlobalSection(ExtensibilityGlobals) = postSolution
		SolutionGuid = {D9884450-75FD-4092-ADF0-1681F596DB5E}
	EndGlobalSection
EndGlobal
